version = 1
requires-python = ">=3.9"
resolution-markers = [
    "python_full_version < '3.12'",
    "python_full_version >= '3.12'",
]

[[package]]
name = "filelock"
version = "3.13.1"
source = { registry = "https://download.pytorch.org/whl/cpu" }
wheels = [
    { url = "https://download.pytorch.org/whl/filelock-3.13.1-py3-none-any.whl", hash = "sha256:57dbda9b35157b05fb3e58ee91448612eb674172fab98ee235ccb0b5bee19a1c" },
]

[[package]]
name = "fsspec"
version = "2024.2.0"
source = { registry = "https://download.pytorch.org/whl/cpu" }
wheels = [
    { url = "https://download.pytorch.org/whl/fsspec-2024.2.0-py3-none-any.whl", hash = "sha256:817f969556fa5916bc682e02ca2045f96ff7f586d45110fcb76022063ad2c7d8" },
]

[[package]]
name = "gretel"
version = "0.1.0"
source = { editable = "." }
dependencies = [
    { name = "torch" },
    { name = "torchaudio" },
    { name = "torchvision" },
]

[package.metadata]
requires-dist = [
    { name = "torch", specifier = ">=2.5.1" },
    { name = "torchaudio", specifier = ">=2.5.1" },
    { name = "torchvision", specifier = ">=0.20.1" },
]

[[package]]
name = "jinja2"
version = "3.1.3"
source = { registry = "https://download.pytorch.org/whl/cpu" }
dependencies = [
    { name = "markupsafe" },
]
wheels = [
    { url = "https://download.pytorch.org/whl/Jinja2-3.1.3-py3-none-any.whl", hash = "sha256:7d6d50dd97d52cbc355597bd845fabfbac3f551e1f99619e39a35ce8c370b5fa" },
]

[[package]]
name = "markupsafe"
version = "3.0.2"
source = { registry = "https://download.pytorch.org/whl/cpu" }
wheels = [
    { url = "https://download.pytorch.org/whl/MarkupSafe-3.0.2-cp313-cp313-manylinux_2_17_x86_64.manylinux2014_x86_64.whl", hash = "sha256:15ab75ef81add55874e7ab7055e9c397312385bd9ced94920f2802310c930396" },
]

[[package]]
name = "mpmath"
version = "1.3.0"
source = { registry = "https://download.pytorch.org/whl/cpu" }
wheels = [
    { url = "https://download.pytorch.org/whl/mpmath-1.3.0-py3-none-any.whl", hash = "sha256:a0b2b9fe80bbcd81a6647ff13108738cfb482d481d826cc0e02f5b35e5c88d2c" },
]

[[package]]
name = "networkx"
version = "3.2.1"
source = { registry = "https://download.pytorch.org/whl/cpu" }
wheels = [
    { url = "https://download.pytorch.org/whl/networkx-3.2.1-py3-none-any.whl", hash = "sha256:f18c69adc97877c42332c170849c96cefa91881c99a7cb3e95b7c659ebdc1ec2" },
]

[[package]]
name = "numpy"
version = "1.26.3"
source = { registry = "https://download.pytorch.org/whl/cpu" }
wheels = [
    { url = "https://download.pytorch.org/whl/numpy-1.26.3-cp310-cp310-macosx_10_9_x86_64.whl", hash = "sha256:806dd64230dbbfaca8a27faa64e2f414bf1c6622ab78cc4264f7f5f028fee3bf" },
    { url = "https://download.pytorch.org/whl/numpy-1.26.3-cp310-cp310-macosx_11_0_arm64.whl", hash = "sha256:02f98011ba4ab17f46f80f7f8f1c291ee7d855fcef0a5a98db80767a468c85cd" },
    { url = "https://download.pytorch.org/whl/numpy-1.26.3-cp310-cp310-manylinux_2_17_aarch64.manylinux2014_aarch64.whl", hash = "sha256:6d45b3ec2faed4baca41c76617fcdcfa4f684ff7a151ce6fc78ad3b6e85af0a6" },
    { url = "https://download.pytorch.org/whl/numpy-1.26.3-cp310-cp310-manylinux_2_17_x86_64.manylinux2014_x86_64.whl", hash = "sha256:bdd2b45bf079d9ad90377048e2747a0c82351989a2165821f0c96831b4a2a54b" },
    { url = "https://download.pytorch.org/whl/numpy-1.26.3-cp310-cp310-win_amd64.whl", hash = "sha256:9e1591f6ae98bcfac2a4bbf9221c0b92ab49762228f38287f6eeb5f3f55905ce" },
    { url = "https://download.pytorch.org/whl/numpy-1.26.3-cp311-cp311-macosx_10_9_x86_64.whl", hash = "sha256:b831295e5472954104ecb46cd98c08b98b49c69fdb7040483aff799a755a7374" },
    { url = "https://download.pytorch.org/whl/numpy-1.26.3-cp311-cp311-macosx_11_0_arm64.whl", hash = "sha256:9e87562b91f68dd8b1c39149d0323b42e0082db7ddb8e934ab4c292094d575d6" },
    { url = "https://download.pytorch.org/whl/numpy-1.26.3-cp311-cp311-manylinux_2_17_aarch64.manylinux2014_aarch64.whl", hash = "sha256:8c66d6fec467e8c0f975818c1796d25c53521124b7cfb760114be0abad53a0a2" },
    { url = "https://download.pytorch.org/whl/numpy-1.26.3-cp311-cp311-manylinux_2_17_x86_64.manylinux2014_x86_64.whl", hash = "sha256:f25e2811a9c932e43943a2615e65fc487a0b6b49218899e62e426e7f0a57eeda" },
    { url = "https://download.pytorch.org/whl/numpy-1.26.3-cp311-cp311-win_amd64.whl", hash = "sha256:39763aee6dfdd4878032361b30b2b12593fb445ddb66bbac802e2113eb8a6ac4" },
    { url = "https://download.pytorch.org/whl/numpy-1.26.3-cp312-cp312-macosx_10_9_x86_64.whl", hash = "sha256:a7081fd19a6d573e1a05e600c82a1c421011db7935ed0d5c483e9dd96b99cf13" },
    { url = "https://download.pytorch.org/whl/numpy-1.26.3-cp312-cp312-macosx_11_0_arm64.whl", hash = "sha256:12c70ac274b32bc00c7f61b515126c9205323703abb99cd41836e8125ea0043e" },
    { url = "https://download.pytorch.org/whl/numpy-1.26.3-cp312-cp312-manylinux_2_17_aarch64.manylinux2014_aarch64.whl", hash = "sha256:7f784e13e598e9594750b2ef6729bcd5a47f6cfe4a12cca13def35e06d8163e3" },
    { url = "https://download.pytorch.org/whl/numpy-1.26.3-cp312-cp312-manylinux_2_17_x86_64.manylinux2014_x86_64.whl", hash = "sha256:5f24750ef94d56ce6e33e4019a8a4d68cfdb1ef661a52cdaee628a56d2437419" },
    { url = "https://download.pytorch.org/whl/numpy-1.26.3-cp312-cp312-win_amd64.whl", hash = "sha256:da4b0c6c699a0ad73c810736303f7fbae483bcb012e38d7eb06a5e3b432c981b" },
    { url = "https://download.pytorch.org/whl/numpy-1.26.3-cp39-cp39-macosx_10_9_x86_64.whl", hash = "sha256:1666f634cb3c80ccbd77ec97bc17337718f56d6658acf5d3b906ca03e90ce87f" },
    { url = "https://download.pytorch.org/whl/numpy-1.26.3-cp39-cp39-macosx_11_0_arm64.whl", hash = "sha256:18c3319a7d39b2c6a9e3bb75aab2304ab79a811ac0168a671a62e6346c29b03f" },
    { url = "https://download.pytorch.org/whl/numpy-1.26.3-cp39-cp39-manylinux_2_17_aarch64.manylinux2014_aarch64.whl", hash = "sha256:0b7e807d6888da0db6e7e75838444d62495e2b588b99e90dd80c3459594e857b" },
    { url = "https://download.pytorch.org/whl/numpy-1.26.3-cp39-cp39-manylinux_2_17_x86_64.manylinux2014_x86_64.whl", hash = "sha256:b4d362e17bcb0011738c2d83e0a65ea8ce627057b2fdda37678f4374a382a137" },
    { url = "https://download.pytorch.org/whl/numpy-1.26.3-cp39-cp39-win_amd64.whl", hash = "sha256:867e3644e208c8922a3be26fc6bbf112a035f50f0a86497f98f228c50c607bb2" },
]

[[package]]
name = "pillow"
version = "10.2.0"
source = { registry = "https://download.pytorch.org/whl/cpu" }
wheels = [
    { url = "https://download.pytorch.org/whl/pillow-10.2.0-cp310-cp310-macosx_10_10_x86_64.whl", hash = "sha256:7823bdd049099efa16e4246bdf15e5a13dbb18a51b68fa06d6c1d4d8b99a796e" },
    { url = "https://download.pytorch.org/whl/pillow-10.2.0-cp310-cp310-macosx_11_0_arm64.whl", hash = "sha256:83b2021f2ade7d1ed556bc50a399127d7fb245e725aa0113ebd05cfe88aaf588" },
    { url = "https://download.pytorch.org/whl/pillow-10.2.0-cp310-cp310-manylinux_2_17_aarch64.manylinux2014_aarch64.whl", hash = "sha256:6fad5ff2f13d69b7e74ce5b4ecd12cc0ec530fcee76356cac6742785ff71c452" },
    { url = "https://download.pytorch.org/whl/pillow-10.2.0-cp310-cp310-manylinux_2_17_x86_64.manylinux2014_x86_64.whl", hash = "sha256:da2b52b37dad6d9ec64e653637a096905b258d2fc2b984c41ae7d08b938a67e4" },
    { url = "https://download.pytorch.org/whl/pillow-10.2.0-cp310-cp310-manylinux_2_28_aarch64.whl", hash = "sha256:47c0995fc4e7f79b5cfcab1fc437ff2890b770440f7696a3ba065ee0fd496563" },
    { url = "https://download.pytorch.org/whl/pillow-10.2.0-cp310-cp310-manylinux_2_28_x86_64.whl", hash = "sha256:322bdf3c9b556e9ffb18f93462e5f749d3444ce081290352c6070d014c93feb2" },
    { url = "https://download.pytorch.org/whl/pillow-10.2.0-cp310-cp310-win_amd64.whl", hash = "sha256:aebb6044806f2e16ecc07b2a2637ee1ef67a11840a66752751714a0d924adf72" },
    { url = "https://download.pytorch.org/whl/pillow-10.2.0-cp310-cp310-win_arm64.whl", hash = "sha256:7049e301399273a0136ff39b84c3678e314f2158f50f517bc50285fb5ec847ad" },
    { url = "https://download.pytorch.org/whl/pillow-10.2.0-cp311-cp311-macosx_10_10_x86_64.whl", hash = "sha256:35bb52c37f256f662abdfa49d2dfa6ce5d93281d323a9af377a120e89a9eafb5" },
    { url = "https://download.pytorch.org/whl/pillow-10.2.0-cp311-cp311-macosx_11_0_arm64.whl", hash = "sha256:9c23f307202661071d94b5e384e1e1dc7dfb972a28a2310e4ee16103e66ddb67" },
    { url = "https://download.pytorch.org/whl/pillow-10.2.0-cp311-cp311-manylinux_2_17_aarch64.manylinux2014_aarch64.whl", hash = "sha256:773efe0603db30c281521a7c0214cad7836c03b8ccff897beae9b47c0b657d61" },
    { url = "https://download.pytorch.org/whl/pillow-10.2.0-cp311-cp311-manylinux_2_17_x86_64.manylinux2014_x86_64.whl", hash = "sha256:11fa2e5984b949b0dd6d7a94d967743d87c577ff0b83392f17cb3990d0d2fd6e" },
    { url = "https://download.pytorch.org/whl/pillow-10.2.0-cp311-cp311-manylinux_2_28_aarch64.whl", hash = "sha256:716d30ed977be8b37d3ef185fecb9e5a1d62d110dfbdcd1e2a122ab46fddb03f" },
    { url = "https://download.pytorch.org/whl/pillow-10.2.0-cp311-cp311-manylinux_2_28_x86_64.whl", hash = "sha256:a086c2af425c5f62a65e12fbf385f7c9fcb8f107d0849dba5839461a129cf311" },
    { url = "https://download.pytorch.org/whl/pillow-10.2.0-cp311-cp311-win_amd64.whl", hash = "sha256:1da3b2703afd040cf65ec97efea81cfba59cdbed9c11d8efc5ab09df9509fc56" },
    { url = "https://download.pytorch.org/whl/pillow-10.2.0-cp311-cp311-win_arm64.whl", hash = "sha256:edca80cbfb2b68d7b56930b84a0e45ae1694aeba0541f798e908a49d66b837f1" },
    { url = "https://download.pytorch.org/whl/pillow-10.2.0-cp312-cp312-macosx_10_10_x86_64.whl", hash = "sha256:1b5e1b74d1bd1b78bc3477528919414874748dd363e6272efd5abf7654e68bef" },
    { url = "https://download.pytorch.org/whl/pillow-10.2.0-cp312-cp312-macosx_11_0_arm64.whl", hash = "sha256:0eae2073305f451d8ecacb5474997c08569fb4eb4ac231ffa4ad7d342fdc25ac" },
    { url = "https://download.pytorch.org/whl/pillow-10.2.0-cp312-cp312-manylinux_2_17_aarch64.manylinux2014_aarch64.whl", hash = "sha256:b7c2286c23cd350b80d2fc9d424fc797575fb16f854b831d16fd47ceec078f2c" },
    { url = "https://download.pytorch.org/whl/pillow-10.2.0-cp312-cp312-manylinux_2_17_x86_64.manylinux2014_x86_64.whl", hash = "sha256:1e23412b5c41e58cec602f1135c57dfcf15482013ce6e5f093a86db69646a5aa" },
    { url = "https://download.pytorch.org/whl/pillow-10.2.0-cp312-cp312-manylinux_2_28_aarch64.whl", hash = "sha256:52a50aa3fb3acb9cf7213573ef55d31d6eca37f5709c69e6858fe3bc04a5c2a2" },
    { url = "https://download.pytorch.org/whl/pillow-10.2.0-cp312-cp312-manylinux_2_28_x86_64.whl", hash = "sha256:127cee571038f252a552760076407f9cff79761c3d436a12af6000cd182a9d04" },
    { url = "https://download.pytorch.org/whl/pillow-10.2.0-cp312-cp312-win_amd64.whl", hash = "sha256:154e939c5f0053a383de4fd3d3da48d9427a7e985f58af8e94d0b3c9fcfcf4f9" },
    { url = "https://download.pytorch.org/whl/pillow-10.2.0-cp312-cp312-win_arm64.whl", hash = "sha256:f379abd2f1e3dddb2b61bc67977a6b5a0a3f7485538bcc6f39ec76163891ee48" },
    { url = "https://download.pytorch.org/whl/pillow-10.2.0-cp39-cp39-macosx_10_10_x86_64.whl", hash = "sha256:b792a349405fbc0163190fde0dc7b3fef3c9268292586cf5645598b48e63dc67" },
    { url = "https://download.pytorch.org/whl/pillow-10.2.0-cp39-cp39-macosx_11_0_arm64.whl", hash = "sha256:c570f24be1e468e3f0ce7ef56a89a60f0e05b30a3669a459e419c6eac2c35364" },
    { url = "https://download.pytorch.org/whl/pillow-10.2.0-cp39-cp39-manylinux_2_17_aarch64.manylinux2014_aarch64.whl", hash = "sha256:d8ecd059fdaf60c1963c58ceb8997b32e9dc1b911f5da5307aab614f1ce5c2fb" },
    { url = "https://download.pytorch.org/whl/pillow-10.2.0-cp39-cp39-manylinux_2_17_x86_64.manylinux2014_x86_64.whl", hash = "sha256:c365fd1703040de1ec284b176d6af5abe21b427cb3a5ff68e0759e1e313a5e7e" },
    { url = "https://download.pytorch.org/whl/pillow-10.2.0-cp39-cp39-manylinux_2_28_aarch64.whl", hash = "sha256:70c61d4c475835a19b3a5aa42492409878bbca7438554a1f89d20d58a7c75c01" },
    { url = "https://download.pytorch.org/whl/pillow-10.2.0-cp39-cp39-manylinux_2_28_x86_64.whl", hash = "sha256:b6f491cdf80ae540738859d9766783e3b3c8e5bd37f5dfa0b76abdecc5081f13" },
    { url = "https://download.pytorch.org/whl/pillow-10.2.0-cp39-cp39-win_amd64.whl", hash = "sha256:0304004f8067386b477d20a518b50f3fa658a28d44e4116970abfcd94fac34a8" },
    { url = "https://download.pytorch.org/whl/pillow-10.2.0-cp39-cp39-win_arm64.whl", hash = "sha256:0fb3e7fc88a14eacd303e90481ad983fd5b69c761e9e6ef94c983f91025da869" },
]

[[package]]
name = "setuptools"
version = "70.0.0"
source = { registry = "https://download.pytorch.org/whl/cpu" }
wheels = [
    { url = "https://download.pytorch.org/whl/setuptools-70.0.0-py3-none-any.whl", hash = "sha256:54faa7f2e8d2d11bcd2c07bed282eef1046b5c080d1c32add737d7b5817b1ad4" },
]

[[package]]
name = "sympy"
version = "1.13.1"
source = { registry = "https://download.pytorch.org/whl/cpu" }
dependencies = [
    { name = "mpmath" },
]
wheels = [
    { url = "https://download.pytorch.org/whl/sympy-1.13.1-py3-none-any.whl", hash = "sha256:db36cdc64bf61b9b24578b6f7bab1ecdd2452cf008f34faa33776680c26d66f8" },
]

[[package]]
name = "torch"
version = "2.5.1+cpu"
source = { registry = "https://download.pytorch.org/whl/cpu" }
dependencies = [
    { name = "filelock" },
    { name = "fsspec" },
    { name = "jinja2" },
    { name = "networkx" },
    { name = "setuptools", marker = "python_full_version >= '3.12'" },
    { name = "sympy" },
    { name = "typing-extensions" },
]
wheels = [
    { url = "https://download.pytorch.org/whl/cpu/torch-2.5.1%2Bcpu-cp310-cp310-linux_x86_64.whl", hash = "sha256:7f91a2200e352745d70e22396bd501448e28350fbdbd8d8b1c83037e25451150" },
    { url = "https://download.pytorch.org/whl/cpu/torch-2.5.1%2Bcpu-cp310-cp310-win_amd64.whl", hash = "sha256:df93157482b672892d29134d3fae9d38ba3219702faedd79f407eb36774c56ce" },
    { url = "https://download.pytorch.org/whl/cpu/torch-2.5.1%2Bcpu-cp311-cp311-linux_x86_64.whl", hash = "sha256:07d7c9e069123d5af08b0cf0013d74f680b2d8be7d9e2cf561a52c90c55d9409" },
    { url = "https://download.pytorch.org/whl/cpu/torch-2.5.1%2Bcpu-cp311-cp311-win_amd64.whl", hash = "sha256:81531d4d5ca74163dc9574b87396531e546a60cceb6253303c7db6a21e867fdf" },
    { url = "https://download.pytorch.org/whl/cpu/torch-2.5.1%2Bcpu-cp312-cp312-linux_x86_64.whl", hash = "sha256:4856f9d6925121d13c2df07aa7580b767f449dfe71ae5acde9c27535d5da4840" },
    { url = "https://download.pytorch.org/whl/cpu/torch-2.5.1%2Bcpu-cp312-cp312-win_amd64.whl", hash = "sha256:a6b720410350765d3d77c01a5ce098a6c45af446284e45e87a98b8a16e7d564d" },
    { url = "https://download.pytorch.org/whl/cpu/torch-2.5.1%2Bcpu-cp313-cp313-linux_x86_64.whl", hash = "sha256:5dbbdf83caa90d0bcaa50e4933ca424889133b35226db79000877d4ec5d9ea37" },
    { url = "https://download.pytorch.org/whl/cpu/torch-2.5.1%2Bcpu-cp39-cp39-linux_x86_64.whl", hash = "sha256:a3ad26468abc5ee601aba49ff02f72387ae734b0900aa589b890c80d72b7b26b" },
    { url = "https://download.pytorch.org/whl/cpu/torch-2.5.1%2Bcpu-cp39-cp39-win_amd64.whl", hash = "sha256:2ebd0b6135dc60b96ce51349c92c9757b2b9634a6b90045dfab3eb4921a4d62f" },
]

[[package]]
name = "torchaudio"
version = "2.5.1+cpu"
source = { registry = "https://download.pytorch.org/whl/cpu" }
dependencies = [
    { name = "torch" },
]
wheels = [
    { url = "https://download.pytorch.org/whl/cpu/torchaudio-2.5.1%2Bcpu-cp310-cp310-linux_x86_64.whl", hash = "sha256:c64af43548713e5abc3e9e3b5f33a2a47c57122ee953e0b0cb102f7855f8d017" },
    { url = "https://download.pytorch.org/whl/cpu/torchaudio-2.5.1%2Bcpu-cp310-cp310-win_amd64.whl", hash = "sha256:8904a77ad311992d3dd3dae6556ea023fbb291b10b8698fecd1dec10bc189d6c" },
    { url = "https://download.pytorch.org/whl/cpu/torchaudio-2.5.1%2Bcpu-cp311-cp311-linux_x86_64.whl", hash = "sha256:209f8e7efff818d2066f49c27c8097f2246f8bf6fd743c69bcf8dce80c63ee80" },
    { url = "https://download.pytorch.org/whl/cpu/torchaudio-2.5.1%2Bcpu-cp311-cp311-win_amd64.whl", hash = "sha256:e08047b9f1997bd303ea6528e5b8009719665a55516a49b6acc359dac20c474d" },
    { url = "https://download.pytorch.org/whl/cpu/torchaudio-2.5.1%2Bcpu-cp312-cp312-linux_x86_64.whl", hash = "sha256:b7fbd9c264dcbe28efb061364c76d3770eb13ae692d2982949b583edfb9ed7f5" },
    { url = "https://download.pytorch.org/whl/cpu/torchaudio-2.5.1%2Bcpu-cp312-cp312-win_amd64.whl", hash = "sha256:68b58c1dae7bb738df8a36f0d147d2c9c69e56a35ff40dedb84ac30aff2e59e1" },
    { url = "https://download.pytorch.org/whl/cpu/torchaudio-2.5.1%2Bcpu-cp39-cp39-linux_x86_64.whl", hash = "sha256:63518869ddb6bbf37a305bb0c085552c230e130ea4640fd71db17b6689586aa5" },
    { url = "https://download.pytorch.org/whl/cpu/torchaudio-2.5.1%2Bcpu-cp39-cp39-win_amd64.whl", hash = "sha256:ea2c7fd25311ea47fd78abf0ee6ffbc4820d785773d0bc5ac87f82912851643f" },
]

[[package]]
name = "torchvision"
version = "0.20.1+cpu"
source = { registry = "https://download.pytorch.org/whl/cpu" }
dependencies = [
    { name = "numpy" },
    { name = "pillow" },
    { name = "torch" },
]
wheels = [
    { url = "https://download.pytorch.org/whl/cpu/torchvision-0.20.1%2Bcpu-cp310-cp310-linux_x86_64.whl", hash = "sha256:17bbc073920e429bf23a290472d51edc75e7b9809b81a93503d10d8edb6f3a6d" },
    { url = "https://download.pytorch.org/whl/cpu/torchvision-0.20.1%2Bcpu-cp310-cp310-win_amd64.whl", hash = "sha256:58773dc7110425ff3ffa462ed32d5522deaed81179b24780136ebc493fb94feb" },
    { url = "https://download.pytorch.org/whl/cpu/torchvision-0.20.1%2Bcpu-cp311-cp311-linux_x86_64.whl", hash = "sha256:a4153bcc9f6219596c65761aa00588704e91e3db91d911c251e614f6140ed047" },
    { url = "https://download.pytorch.org/whl/cpu/torchvision-0.20.1%2Bcpu-cp311-cp311-win_amd64.whl", hash = "sha256:ebdeb19a49da0b5d11cc512a76b24a43971e17cfb9c1ec42564d0e300670d5fa" },
    { url = "https://download.pytorch.org/whl/cpu/torchvision-0.20.1%2Bcpu-cp312-cp312-linux_x86_64.whl", hash = "sha256:5f46c7ac7f00a065cb40bfb1e1bfc4ba16a35f5d46b3fe70cca6b3cea7f822f7" },
    { url = "https://download.pytorch.org/whl/cpu/torchvision-0.20.1%2Bcpu-cp312-cp312-win_amd64.whl", hash = "sha256:64832095b9b8b8185f24788f1a531ae96c937bf797cd3474a2ea7511852e5cd7" },
    { url = "https://download.pytorch.org/whl/cpu/torchvision-0.20.1%2Bcpu-cp39-cp39-linux_x86_64.whl", hash = "sha256:a476464e8b3d4d1d7207a943e2c6a2f5c71219cd808167acde5731725280ae2a" },
    { url = "https://download.pytorch.org/whl/cpu/torchvision-0.20.1%2Bcpu-cp39-cp39-win_amd64.whl", hash = "sha256:7470316f50404e5036fbdc820bacdebeb662bb0baa9601320dcdaecef7cba3a8" },
]

[[package]]
name = "typing-extensions"
version = "4.9.0"
source = { registry = "https://download.pytorch.org/whl/cpu" }
wheels = [
    { url = "https://download.pytorch.org/whl/typing_extensions-4.9.0-py3-none-any.whl", hash = "sha256:af72aea155e91adfc61c3ae9e0e342dbc0cba726d6cba4b6c72c1f34e47291cd" },
]
